
Microsoft Visual Studio Solution File, Format Version 12.00
# Visual Studio Version 16
VisualStudioVersion = 16.0.31205.134
MinimumVisualStudioVersion = 10.0.40219.1
Project("{FAE04EC0-301F-11D3-BF4B-00C04F79EFBC}") = "Parcial8agosto", "Parcial8agosto\Parcial8agosto.csproj", "{A85AD60F-DB75-430A-A98A-1AEDD386D614}"
EndProject
Global
	GlobalSection(SolutionConfigurationPlatforms) = preSolution
		Debug|Any CPU = Debug|Any CPU
		Release|Any CPU = Release|Any CPU
	EndGlobalSection
	GlobalSection(ProjectConfigurationPlatforms) = postSolution
		{A85AD60F-DB75-430A-A98A-1AEDD386D614}.Debug|Any CPU.ActiveCfg = Debug|Any CPU
		{A85AD60F-DB75-430A-A98A-1AEDD386D614}.Debug|Any CPU.Build.0 = Debug|Any CPU
		{A85AD60F-DB75-430A-A98A-1AEDD386D614}.Release|Any CPU.ActiveCfg = Release|Any CPU
		{A85AD60F-DB75-430A-A98A-1AEDD386D614}.Release|Any CPU.Build.0 = Release|Any CPU
	EndGlobalSection
	GlobalSection(SolutionProperties) = preSolution
		HideSolutionNode = FALSE
	EndGlobalSection
	GlobalSection(ExtensibilityGlobals) = postSolution
		SolutionGuid = {1C8023A4-7AA9-4909-9E20-7714DC329BE2}
	EndGlobalSection
EndGlobal
